
Microsoft Visual Studio Solution File, Format Version 12.00
# Visual Studio Version 17
VisualStudioVersion = 17.6.33815.320
MinimumVisualStudioVersion = 10.0.40219.1
Project("{888888A0-9F3D-457C-B088-3A5042F75D52}") = "ImageOcr", "ImageOcr.pyproj", "{12965630-21D0-4148-B060-72D7C390F593}"
EndProject
Global
	GlobalSection(SolutionConfigurationPlatforms) = preSolution
		Debug|Any CPU = Debug|Any CPU
		Release|Any CPU = Release|Any CPU
	EndGlobalSection
	GlobalSection(ProjectConfigurationPlatforms) = postSolution
		{12965630-21D0-4148-B060-72D7C390F593}.Debug|Any CPU.ActiveCfg = Debug|Any CPU
		{12965630-21D0-4148-B060-72D7C390F593}.Release|Any CPU.ActiveCfg = Release|Any CPU
	EndGlobalSection
	GlobalSection(SolutionProperties) = preSolution
		HideSolutionNode = FALSE
	EndGlobalSection
	GlobalSection(ExtensibilityGlobals) = postSolution
		SolutionGuid = {922390E3-92E8-4F01-AFCC-8B5AD01C59DA}
	EndGlobalSection
EndGlobal
